<<<<<<< HEAD
﻿
Microsoft Visual Studio Solution File, Format Version 12.00
# Visual Studio 2015
Project("{FAE04EC0-301F-11D3-BF4B-00C04F79EFBC}") = "MonkeyDomeBuild.CSharp", "MonkeyDomeBuild.CSharp.csproj", "{51D5FE96-CE72-7C13-FF1A-C76F812AFFC5}"
=======
Microsoft Visual Studio Solution File, Format Version 11.00
# Visual Studio 2008

Project("{73C25BB3-2E0D-F16B-08EA-D893D07E00E3}") = "MonkeyDomeBuild", "Assembly-CSharp.csproj", "{E0941949-CB82-4169-2D61-456085778467}"
>>>>>>> ff4b48c030a1db05f63278b952fe2413b0f4072d
EndProject
Global
	GlobalSection(SolutionConfigurationPlatforms) = preSolution
		Debug|Any CPU = Debug|Any CPU
		Release|Any CPU = Release|Any CPU
	EndGlobalSection
	GlobalSection(ProjectConfigurationPlatforms) = postSolution
<<<<<<< HEAD
		{51D5FE96-CE72-7C13-FF1A-C76F812AFFC5}.Debug|Any CPU.ActiveCfg = Debug|Any CPU
		{51D5FE96-CE72-7C13-FF1A-C76F812AFFC5}.Debug|Any CPU.Build.0 = Debug|Any CPU
		{51D5FE96-CE72-7C13-FF1A-C76F812AFFC5}.Release|Any CPU.ActiveCfg = Release|Any CPU
		{51D5FE96-CE72-7C13-FF1A-C76F812AFFC5}.Release|Any CPU.Build.0 = Release|Any CPU
=======
		{E0941949-CB82-4169-2D61-456085778467}.Debug|Any CPU.ActiveCfg = Debug|Any CPU
		{E0941949-CB82-4169-2D61-456085778467}.Debug|Any CPU.Build.0 = Debug|Any CPU
		{E0941949-CB82-4169-2D61-456085778467}.Release|Any CPU.ActiveCfg = Release|Any CPU
		{E0941949-CB82-4169-2D61-456085778467}.Release|Any CPU.Build.0 = Release|Any CPU
>>>>>>> ff4b48c030a1db05f63278b952fe2413b0f4072d
	EndGlobalSection
	GlobalSection(SolutionProperties) = preSolution
		HideSolutionNode = FALSE
	EndGlobalSection
<<<<<<< HEAD
=======
	GlobalSection(MonoDevelopProperties) = preSolution
		StartupItem = Assembly-CSharp.csproj
	EndGlobalSection
>>>>>>> ff4b48c030a1db05f63278b952fe2413b0f4072d
EndGlobal
