
Microsoft Visual Studio Solution File, Format Version 12.00
# Visual Studio 2015
<<<<<<< HEAD
Project("{FAE04EC0-301F-11D3-BF4B-00C04F79EFBC}") = "MonkeyDomeBuild", "MonkeyDomeBuild.csproj", "{3DAB90A9-BED8-EBEE-61C1-C257F62D8ADC}"
=======
Project("{FAE04EC0-301F-11D3-BF4B-00C04F79EFBC}") = "MonkeyDomeBuild.CSharp", "MonkeyDomeBuild.CSharp.csproj", "{51D5FE96-CE72-7C13-FF1A-C76F812AFFC5}"
>>>>>>> 9338976e602a6ce2f70efd8c05c249434e449991
EndProject
Global
	GlobalSection(SolutionConfigurationPlatforms) = preSolution
		Debug|Any CPU = Debug|Any CPU
		Release|Any CPU = Release|Any CPU
	EndGlobalSection
	GlobalSection(ProjectConfigurationPlatforms) = postSolution
		{3DAB90A9-BED8-EBEE-61C1-C257F62D8ADC}.Debug|Any CPU.ActiveCfg = Debug|Any CPU
		{3DAB90A9-BED8-EBEE-61C1-C257F62D8ADC}.Debug|Any CPU.Build.0 = Debug|Any CPU
		{3DAB90A9-BED8-EBEE-61C1-C257F62D8ADC}.Release|Any CPU.ActiveCfg = Release|Any CPU
		{3DAB90A9-BED8-EBEE-61C1-C257F62D8ADC}.Release|Any CPU.Build.0 = Release|Any CPU
	EndGlobalSection
	GlobalSection(SolutionProperties) = preSolution
		HideSolutionNode = FALSE
	EndGlobalSection
EndGlobal
